
Microsoft Visual Studio Solution File, Format Version 12.00
# Visual Studio Version 17
VisualStudioVersion = 17.9.34723.18
MinimumVisualStudioVersion = 10.0.40219.1
Project("{2150E333-8FDC-42A3-9474-1A3956D46DE8}") = "Shop", "Shop", "{512B7B12-F2D1-4F25-AE1A-0BCE82DE130F}"
EndProject
Project("{9A19103F-16F7-4668-BE54-9A1E7A4F7556}") = "Shop.Domain", "Shop\Shop.Domain\Shop.Domain.csproj", "{5CD42209-11D0-4FD8-90D3-D5CA0FEF5E3C}"
EndProject
Project("{9A19103F-16F7-4668-BE54-9A1E7A4F7556}") = "Shop.Application", "Shop\Shop.Application\Shop.Application.csproj", "{78F479A9-9280-4D92-B766-B7CB826A9A88}"
EndProject
Project("{9A19103F-16F7-4668-BE54-9A1E7A4F7556}") = "Shop.Infrastructure", "Shop\Shop.Infrastructure\Shop.Infrastructure.csproj", "{0F5C4431-BAF9-4BA9-AB7B-CF1BF235CA75}"
EndProject
Project("{9A19103F-16F7-4668-BE54-9A1E7A4F7556}") = "Shop.Query", "Shop\Shop.Query\Shop.Query.csproj", "{C0B1F5FC-BA42-4DA2-BB2E-D8B0F5E7091C}"
EndProject
Project("{9A19103F-16F7-4668-BE54-9A1E7A4F7556}") = "Shop.Presentation.Facade", "Shop\Shop.Presentation.Facade\Shop.Presentation.Facade.csproj", "{987E060B-3EF2-44A2-9298-58BE3E79A40C}"
EndProject
Project("{2150E333-8FDC-42A3-9474-1A3956D46DE8}") = "Common", "Common", "{C12C82FE-29F3-420B-97EB-B2A1F7261101}"
EndProject
Project("{9A19103F-16F7-4668-BE54-9A1E7A4F7556}") = "Common.Domain", "Common\Common.Domain\Common.Domain.csproj", "{399172B9-6F04-462E-A375-14EFCDA26780}"
EndProject
Project("{9A19103F-16F7-4668-BE54-9A1E7A4F7556}") = "Common.Application", "Common\Common.Application\Common.Application.csproj", "{F250A5A4-8987-411C-8AAA-F00F81A33C00}"
EndProject
Project("{9A19103F-16F7-4668-BE54-9A1E7A4F7556}") = "Common.Query", "Common.Query\Common.Query.csproj", "{57F90FD9-B1AB-41EE-B1C1-CD48C0FEFFBF}"
EndProject
Project("{2150E333-8FDC-42A3-9474-1A3956D46DE8}") = "EndPoints", "EndPoints", "{AD3474C8-9A10-4A84-8FED-B4751EDBCA83}"
EndProject
Project("{9A19103F-16F7-4668-BE54-9A1E7A4F7556}") = "Shop.Api", "Shop\Shop.Api\Shop.Api.csproj", "{14E672C8-EDF4-4623-A455-A0393BC6B50C}"
EndProject
Project("{9A19103F-16F7-4668-BE54-9A1E7A4F7556}") = "Shop.Config", "Shop\Shop.Config\Shop.Config.csproj", "{8A2F77B1-E5B5-49CE-8F1F-E4A7E13522BB}"
EndProject
Project("{9A19103F-16F7-4668-BE54-9A1E7A4F7556}") = "Common.AspNetCore", "Common\Common.Asp.NetCore\Common.AspNetCore.csproj", "{5688CEE8-3CC2-4B26-9CA0-28FA32F9670C}"
EndProject
Project("{FAE04EC0-301F-11D3-BF4B-00C04F79EFBC}") = "Common.CacheHelper", "Common\Common.CachHelper\Common.CacheHelper.csproj", "{60FF4E80-7DF7-403F-BD2E-53EA281F9BF1}"
EndProject
Global
	GlobalSection(SolutionConfigurationPlatforms) = preSolution
		Debug|Any CPU = Debug|Any CPU
		Release|Any CPU = Release|Any CPU
	EndGlobalSection
	GlobalSection(ProjectConfigurationPlatforms) = postSolution
		{5CD42209-11D0-4FD8-90D3-D5CA0FEF5E3C}.Debug|Any CPU.ActiveCfg = Debug|Any CPU
		{5CD42209-11D0-4FD8-90D3-D5CA0FEF5E3C}.Debug|Any CPU.Build.0 = Debug|Any CPU
		{5CD42209-11D0-4FD8-90D3-D5CA0FEF5E3C}.Release|Any CPU.ActiveCfg = Release|Any CPU
		{5CD42209-11D0-4FD8-90D3-D5CA0FEF5E3C}.Release|Any CPU.Build.0 = Release|Any CPU
		{78F479A9-9280-4D92-B766-B7CB826A9A88}.Debug|Any CPU.ActiveCfg = Debug|Any CPU
		{78F479A9-9280-4D92-B766-B7CB826A9A88}.Debug|Any CPU.Build.0 = Debug|Any CPU
		{78F479A9-9280-4D92-B766-B7CB826A9A88}.Release|Any CPU.ActiveCfg = Release|Any CPU
		{78F479A9-9280-4D92-B766-B7CB826A9A88}.Release|Any CPU.Build.0 = Release|Any CPU
		{0F5C4431-BAF9-4BA9-AB7B-CF1BF235CA75}.Debug|Any CPU.ActiveCfg = Debug|Any CPU
		{0F5C4431-BAF9-4BA9-AB7B-CF1BF235CA75}.Debug|Any CPU.Build.0 = Debug|Any CPU
		{0F5C4431-BAF9-4BA9-AB7B-CF1BF235CA75}.Release|Any CPU.ActiveCfg = Release|Any CPU
		{0F5C4431-BAF9-4BA9-AB7B-CF1BF235CA75}.Release|Any CPU.Build.0 = Release|Any CPU
		{C0B1F5FC-BA42-4DA2-BB2E-D8B0F5E7091C}.Debug|Any CPU.ActiveCfg = Debug|Any CPU
		{C0B1F5FC-BA42-4DA2-BB2E-D8B0F5E7091C}.Debug|Any CPU.Build.0 = Debug|Any CPU
		{C0B1F5FC-BA42-4DA2-BB2E-D8B0F5E7091C}.Release|Any CPU.ActiveCfg = Release|Any CPU
		{C0B1F5FC-BA42-4DA2-BB2E-D8B0F5E7091C}.Release|Any CPU.Build.0 = Release|Any CPU
		{987E060B-3EF2-44A2-9298-58BE3E79A40C}.Debug|Any CPU.ActiveCfg = Debug|Any CPU
		{987E060B-3EF2-44A2-9298-58BE3E79A40C}.Debug|Any CPU.Build.0 = Debug|Any CPU
		{987E060B-3EF2-44A2-9298-58BE3E79A40C}.Release|Any CPU.ActiveCfg = Release|Any CPU
		{987E060B-3EF2-44A2-9298-58BE3E79A40C}.Release|Any CPU.Build.0 = Release|Any CPU
		{399172B9-6F04-462E-A375-14EFCDA26780}.Debug|Any CPU.ActiveCfg = Debug|Any CPU
		{399172B9-6F04-462E-A375-14EFCDA26780}.Debug|Any CPU.Build.0 = Debug|Any CPU
		{399172B9-6F04-462E-A375-14EFCDA26780}.Release|Any CPU.ActiveCfg = Release|Any CPU
		{399172B9-6F04-462E-A375-14EFCDA26780}.Release|Any CPU.Build.0 = Release|Any CPU
		{F250A5A4-8987-411C-8AAA-F00F81A33C00}.Debug|Any CPU.ActiveCfg = Debug|Any CPU
		{F250A5A4-8987-411C-8AAA-F00F81A33C00}.Debug|Any CPU.Build.0 = Debug|Any CPU
		{F250A5A4-8987-411C-8AAA-F00F81A33C00}.Release|Any CPU.ActiveCfg = Release|Any CPU
		{F250A5A4-8987-411C-8AAA-F00F81A33C00}.Release|Any CPU.Build.0 = Release|Any CPU
		{57F90FD9-B1AB-41EE-B1C1-CD48C0FEFFBF}.Debug|Any CPU.ActiveCfg = Debug|Any CPU
		{57F90FD9-B1AB-41EE-B1C1-CD48C0FEFFBF}.Debug|Any CPU.Build.0 = Debug|Any CPU
		{57F90FD9-B1AB-41EE-B1C1-CD48C0FEFFBF}.Release|Any CPU.ActiveCfg = Release|Any CPU
		{57F90FD9-B1AB-41EE-B1C1-CD48C0FEFFBF}.Release|Any CPU.Build.0 = Release|Any CPU
		{14E672C8-EDF4-4623-A455-A0393BC6B50C}.Debug|Any CPU.ActiveCfg = Debug|Any CPU
		{14E672C8-EDF4-4623-A455-A0393BC6B50C}.Debug|Any CPU.Build.0 = Debug|Any CPU
		{14E672C8-EDF4-4623-A455-A0393BC6B50C}.Release|Any CPU.ActiveCfg = Release|Any CPU
		{14E672C8-EDF4-4623-A455-A0393BC6B50C}.Release|Any CPU.Build.0 = Release|Any CPU
		{8A2F77B1-E5B5-49CE-8F1F-E4A7E13522BB}.Debug|Any CPU.ActiveCfg = Debug|Any CPU
		{8A2F77B1-E5B5-49CE-8F1F-E4A7E13522BB}.Debug|Any CPU.Build.0 = Debug|Any CPU
		{8A2F77B1-E5B5-49CE-8F1F-E4A7E13522BB}.Release|Any CPU.ActiveCfg = Release|Any CPU
		{8A2F77B1-E5B5-49CE-8F1F-E4A7E13522BB}.Release|Any CPU.Build.0 = Release|Any CPU
		{5688CEE8-3CC2-4B26-9CA0-28FA32F9670C}.Debug|Any CPU.ActiveCfg = Debug|Any CPU
		{5688CEE8-3CC2-4B26-9CA0-28FA32F9670C}.Debug|Any CPU.Build.0 = Debug|Any CPU
		{5688CEE8-3CC2-4B26-9CA0-28FA32F9670C}.Release|Any CPU.ActiveCfg = Release|Any CPU
		{5688CEE8-3CC2-4B26-9CA0-28FA32F9670C}.Release|Any CPU.Build.0 = Release|Any CPU
		{60FF4E80-7DF7-403F-BD2E-53EA281F9BF1}.Debug|Any CPU.ActiveCfg = Debug|Any CPU
		{60FF4E80-7DF7-403F-BD2E-53EA281F9BF1}.Debug|Any CPU.Build.0 = Debug|Any CPU
		{60FF4E80-7DF7-403F-BD2E-53EA281F9BF1}.Release|Any CPU.ActiveCfg = Release|Any CPU
		{60FF4E80-7DF7-403F-BD2E-53EA281F9BF1}.Release|Any CPU.Build.0 = Release|Any CPU
	EndGlobalSection
	GlobalSection(SolutionProperties) = preSolution
		HideSolutionNode = FALSE
	EndGlobalSection
	GlobalSection(NestedProjects) = preSolution
		{5CD42209-11D0-4FD8-90D3-D5CA0FEF5E3C} = {512B7B12-F2D1-4F25-AE1A-0BCE82DE130F}
		{78F479A9-9280-4D92-B766-B7CB826A9A88} = {512B7B12-F2D1-4F25-AE1A-0BCE82DE130F}
		{0F5C4431-BAF9-4BA9-AB7B-CF1BF235CA75} = {512B7B12-F2D1-4F25-AE1A-0BCE82DE130F}
		{C0B1F5FC-BA42-4DA2-BB2E-D8B0F5E7091C} = {512B7B12-F2D1-4F25-AE1A-0BCE82DE130F}
		{987E060B-3EF2-44A2-9298-58BE3E79A40C} = {512B7B12-F2D1-4F25-AE1A-0BCE82DE130F}
		{399172B9-6F04-462E-A375-14EFCDA26780} = {C12C82FE-29F3-420B-97EB-B2A1F7261101}
		{F250A5A4-8987-411C-8AAA-F00F81A33C00} = {C12C82FE-29F3-420B-97EB-B2A1F7261101}
		{57F90FD9-B1AB-41EE-B1C1-CD48C0FEFFBF} = {C12C82FE-29F3-420B-97EB-B2A1F7261101}
		{AD3474C8-9A10-4A84-8FED-B4751EDBCA83} = {512B7B12-F2D1-4F25-AE1A-0BCE82DE130F}
		{14E672C8-EDF4-4623-A455-A0393BC6B50C} = {AD3474C8-9A10-4A84-8FED-B4751EDBCA83}
		{8A2F77B1-E5B5-49CE-8F1F-E4A7E13522BB} = {512B7B12-F2D1-4F25-AE1A-0BCE82DE130F}
		{5688CEE8-3CC2-4B26-9CA0-28FA32F9670C} = {C12C82FE-29F3-420B-97EB-B2A1F7261101}
		{60FF4E80-7DF7-403F-BD2E-53EA281F9BF1} = {C12C82FE-29F3-420B-97EB-B2A1F7261101}
	EndGlobalSection
	GlobalSection(ExtensibilityGlobals) = postSolution
		SolutionGuid = {AD5BA1EE-B27C-487C-AD51-3F35B67D33A1}
	EndGlobalSection
EndGlobal
